
Microsoft Visual Studio Solution File, Format Version 12.00
# Visual Studio 15
VisualStudioVersion = 15.0.28307.329
MinimumVisualStudioVersion = 10.0.40219.1
Project("{FAE04EC0-301F-11D3-BF4B-00C04F79EFBC}") = "ObjectDistributor.Core", "ObjectDistributor.Core\ObjectDistributor.Core.csproj", "{B314E031-0A41-470C-B0F5-2E1A207D9A15}"
EndProject
Project("{FAE04EC0-301F-11D3-BF4B-00C04F79EFBC}") = "ObjectDistributor.Test", "ObjectDistributor.Test\ObjectDistributor.Test.csproj", "{A01231B0-6465-4827-9B42-D69C8889B725}"
EndProject
Project("{FAE04EC0-301F-11D3-BF4B-00C04F79EFBC}") = "ObjectDistributor.Out", "ObjectDistributor.Out\ObjectDistributor.Out.csproj", "{21333835-7071-49D0-8D57-AA3D0487F47D}"
EndProject
Global
	GlobalSection(SolutionConfigurationPlatforms) = preSolution
		Debug|Any CPU = Debug|Any CPU
		Release|Any CPU = Release|Any CPU
	EndGlobalSection
	GlobalSection(ProjectConfigurationPlatforms) = postSolution
		{B314E031-0A41-470C-B0F5-2E1A207D9A15}.Debug|Any CPU.ActiveCfg = Debug|Any CPU
		{B314E031-0A41-470C-B0F5-2E1A207D9A15}.Debug|Any CPU.Build.0 = Debug|Any CPU
		{B314E031-0A41-470C-B0F5-2E1A207D9A15}.Release|Any CPU.ActiveCfg = Release|Any CPU
		{B314E031-0A41-470C-B0F5-2E1A207D9A15}.Release|Any CPU.Build.0 = Release|Any CPU
		{A01231B0-6465-4827-9B42-D69C8889B725}.Debug|Any CPU.ActiveCfg = Debug|Any CPU
		{A01231B0-6465-4827-9B42-D69C8889B725}.Debug|Any CPU.Build.0 = Debug|Any CPU
		{A01231B0-6465-4827-9B42-D69C8889B725}.Release|Any CPU.ActiveCfg = Release|Any CPU
		{A01231B0-6465-4827-9B42-D69C8889B725}.Release|Any CPU.Build.0 = Release|Any CPU
		{21333835-7071-49D0-8D57-AA3D0487F47D}.Debug|Any CPU.ActiveCfg = Debug|Any CPU
		{21333835-7071-49D0-8D57-AA3D0487F47D}.Debug|Any CPU.Build.0 = Debug|Any CPU
		{21333835-7071-49D0-8D57-AA3D0487F47D}.Release|Any CPU.ActiveCfg = Release|Any CPU
		{21333835-7071-49D0-8D57-AA3D0487F47D}.Release|Any CPU.Build.0 = Release|Any CPU
	EndGlobalSection
	GlobalSection(SolutionProperties) = preSolution
		HideSolutionNode = FALSE
	EndGlobalSection
	GlobalSection(ExtensibilityGlobals) = postSolution
		SolutionGuid = {356E235C-7713-4894-A5AE-646997D23A27}
	EndGlobalSection
EndGlobal
